
Microsoft Visual Studio Solution File, Format Version 12.00
# Visual Studio Version 17
VisualStudioVersion = 17.2.32408.312
MinimumVisualStudioVersion = 10.0.40219.1
Project("{2150E333-8FDC-42A3-9474-1A3956D46DE8}") = "Services", "Services", "{B809B580-C79E-4DBF-8BC2-B64EE5956B91}"
EndProject
Project("{2150E333-8FDC-42A3-9474-1A3956D46DE8}") = "Catalog", "Catalog", "{BB52D223-D3D0-44E4-9C7E-EED481F8C6E0}"
EndProject
Project("{FAE04EC0-301F-11D3-BF4B-00C04F79EFBC}") = "Catalog.API", "Services\Catalog\Catalog.API\Catalog.API.csproj", "{A90A1AC7-3987-460E-9AB7-0F6FB92C4B2B}"
EndProject
Global
	GlobalSection(SolutionConfigurationPlatforms) = preSolution
		Debug|Any CPU = Debug|Any CPU
		Release|Any CPU = Release|Any CPU
	EndGlobalSection
	GlobalSection(ProjectConfigurationPlatforms) = postSolution
		{A90A1AC7-3987-460E-9AB7-0F6FB92C4B2B}.Debug|Any CPU.ActiveCfg = Debug|Any CPU
		{A90A1AC7-3987-460E-9AB7-0F6FB92C4B2B}.Debug|Any CPU.Build.0 = Debug|Any CPU
		{A90A1AC7-3987-460E-9AB7-0F6FB92C4B2B}.Release|Any CPU.ActiveCfg = Release|Any CPU
		{A90A1AC7-3987-460E-9AB7-0F6FB92C4B2B}.Release|Any CPU.Build.0 = Release|Any CPU
	EndGlobalSection
	GlobalSection(SolutionProperties) = preSolution
		HideSolutionNode = FALSE
	EndGlobalSection
	GlobalSection(NestedProjects) = preSolution
		{BB52D223-D3D0-44E4-9C7E-EED481F8C6E0} = {B809B580-C79E-4DBF-8BC2-B64EE5956B91}
		{A90A1AC7-3987-460E-9AB7-0F6FB92C4B2B} = {BB52D223-D3D0-44E4-9C7E-EED481F8C6E0}
	EndGlobalSection
	GlobalSection(ExtensibilityGlobals) = postSolution
		SolutionGuid = {E25F118D-2EE3-48BB-BDBF-AA109366EDF1}
	EndGlobalSection
EndGlobal
